
Microsoft Visual Studio Solution File, Format Version 12.00
# Visual Studio Version 16
VisualStudioVersion = 16.0.29509.3
MinimumVisualStudioVersion = 10.0.40219.1
Project("{9A19103F-16F7-4668-BE54-9A1E7A4F7556}") = "Archivator", "Archivator\Archivator.csproj", "{A6FA713A-0716-47C4-9921-0C1BFB1F8630}"
EndProject
Project("{FAE04EC0-301F-11D3-BF4B-00C04F79EFBC}") = "Client", "Client\Client.csproj", "{20CC28B5-185E-41F5-BD4F-F19CE5ECF244}"
EndProject
Global
	GlobalSection(SolutionConfigurationPlatforms) = preSolution
		Debug|Any CPU = Debug|Any CPU
		Release|Any CPU = Release|Any CPU
	EndGlobalSection
	GlobalSection(ProjectConfigurationPlatforms) = postSolution
		{A6FA713A-0716-47C4-9921-0C1BFB1F8630}.Debug|Any CPU.ActiveCfg = Debug|Any CPU
		{A6FA713A-0716-47C4-9921-0C1BFB1F8630}.Debug|Any CPU.Build.0 = Debug|Any CPU
		{A6FA713A-0716-47C4-9921-0C1BFB1F8630}.Release|Any CPU.ActiveCfg = Release|Any CPU
		{A6FA713A-0716-47C4-9921-0C1BFB1F8630}.Release|Any CPU.Build.0 = Release|Any CPU
		{20CC28B5-185E-41F5-BD4F-F19CE5ECF244}.Debug|Any CPU.ActiveCfg = Debug|Any CPU
		{20CC28B5-185E-41F5-BD4F-F19CE5ECF244}.Debug|Any CPU.Build.0 = Debug|Any CPU
		{20CC28B5-185E-41F5-BD4F-F19CE5ECF244}.Release|Any CPU.ActiveCfg = Release|Any CPU
		{20CC28B5-185E-41F5-BD4F-F19CE5ECF244}.Release|Any CPU.Build.0 = Release|Any CPU
	EndGlobalSection
	GlobalSection(SolutionProperties) = preSolution
		HideSolutionNode = FALSE
	EndGlobalSection
	GlobalSection(ExtensibilityGlobals) = postSolution
		SolutionGuid = {3B6CE3D6-2030-4820-8031-8FEA30039504}
	EndGlobalSection
EndGlobal
